{
  "pins" : [
    {
      "identity" : "swift-json",
      "kind" : "remoteSourceControl",
      "location" : "https://github.com/kelvin13/swift-json",
      "state" : {
        "revision" : "b97de2acf2d5f8e784349cb0f772369e683148ab"
      }
    },
    {
      "identity" : "swift-structured-document",
      "kind" : "remoteSourceControl",
      "location" : "https://github.com/kelvin13/swift-structured-document",
      "state" : {
        "revision" : "8e3b8b5700e9dd3f1db593fc39c94d1e48336244"
      }
    },
    {
      "identity" : "swift-syntax",
      "kind" : "remoteSourceControl",
      "location" : "https://github.com/apple/swift-syntax.git",
      "state" : {
        "branch" : "swift-5.6-DEVELOPMENT-SNAPSHOT-2022-01-09-a",
        "revision" : "7117363d54ed5dfdbcb5eaa4c81697923c9768db"
      }
    }
  ],
  "version" : 2
}
